
Microsoft Visual Studio Solution File, Format Version 12.00
# Visual Studio Version 17
VisualStudioVersion = 17.0.32112.339
MinimumVisualStudioVersion = 10.0.40219.1
Project("{FAE04EC0-301F-11D3-BF4B-00C04F79EFBC}") = "opdr_textbased_game", "opdr_textbased_game.csproj", "{A17F1C91-7505-458A-90ED-C783D8863631}"
EndProject
Global
	GlobalSection(SolutionConfigurationPlatforms) = preSolution
		Debug|Any CPU = Debug|Any CPU
		Release|Any CPU = Release|Any CPU
	EndGlobalSection
	GlobalSection(ProjectConfigurationPlatforms) = postSolution
		{A17F1C91-7505-458A-90ED-C783D8863631}.Debug|Any CPU.ActiveCfg = Debug|Any CPU
		{A17F1C91-7505-458A-90ED-C783D8863631}.Debug|Any CPU.Build.0 = Debug|Any CPU
		{A17F1C91-7505-458A-90ED-C783D8863631}.Release|Any CPU.ActiveCfg = Release|Any CPU
		{A17F1C91-7505-458A-90ED-C783D8863631}.Release|Any CPU.Build.0 = Release|Any CPU
	EndGlobalSection
	GlobalSection(SolutionProperties) = preSolution
		HideSolutionNode = FALSE
	EndGlobalSection
	GlobalSection(ExtensibilityGlobals) = postSolution
		SolutionGuid = {5B5C8B32-E710-4D2F-9ED1-91E0D779F1CA}
	EndGlobalSection
EndGlobal
